
Microsoft Visual Studio Solution File, Format Version 12.00
# Visual Studio 2012
Project("{FAE04EC0-301F-11D3-BF4B-00C04F79EFBC}") = "Sprnt", "Sprnt\Sprnt.csproj", "{B866E13C-4EA0-4C99-A2CF-71C968A74280}"
EndProject
Global
	GlobalSection(SolutionConfigurationPlatforms) = preSolution
		Debug|Any CPU = Debug|Any CPU
		Release|Any CPU = Release|Any CPU
	EndGlobalSection
	GlobalSection(ProjectConfigurationPlatforms) = postSolution
		{B866E13C-4EA0-4C99-A2CF-71C968A74280}.Debug|Any CPU.ActiveCfg = Debug|Any CPU
		{B866E13C-4EA0-4C99-A2CF-71C968A74280}.Debug|Any CPU.Build.0 = Debug|Any CPU
		{B866E13C-4EA0-4C99-A2CF-71C968A74280}.Release|Any CPU.ActiveCfg = Release|Any CPU
		{B866E13C-4EA0-4C99-A2CF-71C968A74280}.Release|Any CPU.Build.0 = Release|Any CPU
	EndGlobalSection
	GlobalSection(SolutionProperties) = preSolution
		HideSolutionNode = FALSE
	EndGlobalSection
EndGlobal
